
Microsoft Visual Studio Solution File, Format Version 12.00
# Visual Studio 15
VisualStudioVersion = 15.0.28307.271
MinimumVisualStudioVersion = 10.0.40219.1
Project("{FAE04EC0-301F-11D3-BF4B-00C04F79EFBC}") = "ColorPickerDemo.Android", "ColorPickerDemo\ColorPickerDemo.Android\ColorPickerDemo.Android.csproj", "{F8E617CF-ACFD-4719-B12E-F7A8638F8612}"
EndProject
Project("{FAE04EC0-301F-11D3-BF4B-00C04F79EFBC}") = "ColorPickerDemo.iOS", "ColorPickerDemo\ColorPickerDemo.iOS\ColorPickerDemo.iOS.csproj", "{871A87BF-D4EF-43A3-AF74-B94B7C4A1C64}"
EndProject
Project("{FAE04EC0-301F-11D3-BF4B-00C04F79EFBC}") = "ColorPickerDemo.UWP", "ColorPickerDemo\ColorPickerDemo.UWP\ColorPickerDemo.UWP.csproj", "{BE191464-93A2-4782-A81E-EBBC224842E3}"
EndProject
Project("{FAE04EC0-301F-11D3-BF4B-00C04F79EFBC}") = "ColorPickerDemo", "ColorPickerDemo\ColorPickerDemo\ColorPickerDemo.csproj", "{816BDB57-CAB9-4804-B991-96B7632A529D}"
EndProject
Global
	GlobalSection(SolutionConfigurationPlatforms) = preSolution
		Ad-Hoc|Any CPU = Ad-Hoc|Any CPU
		Ad-Hoc|ARM = Ad-Hoc|ARM
		Ad-Hoc|iPhone = Ad-Hoc|iPhone
		Ad-Hoc|iPhoneSimulator = Ad-Hoc|iPhoneSimulator
		Ad-Hoc|x64 = Ad-Hoc|x64
		Ad-Hoc|x86 = Ad-Hoc|x86
		AppStore|Any CPU = AppStore|Any CPU
		AppStore|ARM = AppStore|ARM
		AppStore|iPhone = AppStore|iPhone
		AppStore|iPhoneSimulator = AppStore|iPhoneSimulator
		AppStore|x64 = AppStore|x64
		AppStore|x86 = AppStore|x86
		Debug|Any CPU = Debug|Any CPU
		Debug|ARM = Debug|ARM
		Debug|iPhone = Debug|iPhone
		Debug|iPhoneSimulator = Debug|iPhoneSimulator
		Debug|x64 = Debug|x64
		Debug|x86 = Debug|x86
		Release|Any CPU = Release|Any CPU
		Release|ARM = Release|ARM
		Release|iPhone = Release|iPhone
		Release|iPhoneSimulator = Release|iPhoneSimulator
		Release|x64 = Release|x64
		Release|x86 = Release|x86
	EndGlobalSection
	GlobalSection(ProjectConfigurationPlatforms) = postSolution
		{F8E617CF-ACFD-4719-B12E-F7A8638F8612}.Ad-Hoc|Any CPU.ActiveCfg = Release|Any CPU
		{F8E617CF-ACFD-4719-B12E-F7A8638F8612}.Ad-Hoc|Any CPU.Build.0 = Release|Any CPU
		{F8E617CF-ACFD-4719-B12E-F7A8638F8612}.Ad-Hoc|Any CPU.Deploy.0 = Release|Any CPU
		{F8E617CF-ACFD-4719-B12E-F7A8638F8612}.Ad-Hoc|ARM.ActiveCfg = Release|Any CPU
		{F8E617CF-ACFD-4719-B12E-F7A8638F8612}.Ad-Hoc|ARM.Build.0 = Release|Any CPU
		{F8E617CF-ACFD-4719-B12E-F7A8638F8612}.Ad-Hoc|ARM.Deploy.0 = Release|Any CPU
		{F8E617CF-ACFD-4719-B12E-F7A8638F8612}.Ad-Hoc|iPhone.ActiveCfg = Release|Any CPU
		{F8E617CF-ACFD-4719-B12E-F7A8638F8612}.Ad-Hoc|iPhone.Build.0 = Release|Any CPU
		{F8E617CF-ACFD-4719-B12E-F7A8638F8612}.Ad-Hoc|iPhone.Deploy.0 = Release|Any CPU
		{F8E617CF-ACFD-4719-B12E-F7A8638F8612}.Ad-Hoc|iPhoneSimulator.ActiveCfg = Release|Any CPU
		{F8E617CF-ACFD-4719-B12E-F7A8638F8612}.Ad-Hoc|iPhoneSimulator.Build.0 = Release|Any CPU
		{F8E617CF-ACFD-4719-B12E-F7A8638F8612}.Ad-Hoc|iPhoneSimulator.Deploy.0 = Release|Any CPU
		{F8E617CF-ACFD-4719-B12E-F7A8638F8612}.Ad-Hoc|x64.ActiveCfg = Release|Any CPU
		{F8E617CF-ACFD-4719-B12E-F7A8638F8612}.Ad-Hoc|x64.Build.0 = Release|Any CPU
		{F8E617CF-ACFD-4719-B12E-F7A8638F8612}.Ad-Hoc|x64.Deploy.0 = Release|Any CPU
		{F8E617CF-ACFD-4719-B12E-F7A8638F8612}.Ad-Hoc|x86.ActiveCfg = Release|Any CPU
		{F8E617CF-ACFD-4719-B12E-F7A8638F8612}.Ad-Hoc|x86.Build.0 = Release|Any CPU
		{F8E617CF-ACFD-4719-B12E-F7A8638F8612}.Ad-Hoc|x86.Deploy.0 = Release|Any CPU
		{F8E617CF-ACFD-4719-B12E-F7A8638F8612}.AppStore|Any CPU.ActiveCfg = Release|Any CPU
		{F8E617CF-ACFD-4719-B12E-F7A8638F8612}.AppStore|Any CPU.Build.0 = Release|Any CPU
		{F8E617CF-ACFD-4719-B12E-F7A8638F8612}.AppStore|Any CPU.Deploy.0 = Release|Any CPU
		{F8E617CF-ACFD-4719-B12E-F7A8638F8612}.AppStore|ARM.ActiveCfg = Release|Any CPU
		{F8E617CF-ACFD-4719-B12E-F7A8638F8612}.AppStore|ARM.Build.0 = Release|Any CPU
		{F8E617CF-ACFD-4719-B12E-F7A8638F8612}.AppStore|ARM.Deploy.0 = Release|Any CPU
		{F8E617CF-ACFD-4719-B12E-F7A8638F8612}.AppStore|iPhone.ActiveCfg = Release|Any CPU
		{F8E617CF-ACFD-4719-B12E-F7A8638F8612}.AppStore|iPhone.Build.0 = Release|Any CPU
		{F8E617CF-ACFD-4719-B12E-F7A8638F8612}.AppStore|iPhone.Deploy.0 = Release|Any CPU
		{F8E617CF-ACFD-4719-B12E-F7A8638F8612}.AppStore|iPhoneSimulator.ActiveCfg = Release|Any CPU
		{F8E617CF-ACFD-4719-B12E-F7A8638F8612}.AppStore|iPhoneSimulator.Build.0 = Release|Any CPU
		{F8E617CF-ACFD-4719-B12E-F7A8638F8612}.AppStore|iPhoneSimulator.Deploy.0 = Release|Any CPU
		{F8E617CF-ACFD-4719-B12E-F7A8638F8612}.AppStore|x64.ActiveCfg = Release|Any CPU
		{F8E617CF-ACFD-4719-B12E-F7A8638F8612}.AppStore|x64.Build.0 = Release|Any CPU
		{F8E617CF-ACFD-4719-B12E-F7A8638F8612}.AppStore|x64.Deploy.0 = Release|Any CPU
		{F8E617CF-ACFD-4719-B12E-F7A8638F8612}.AppStore|x86.ActiveCfg = Release|Any CPU
		{F8E617CF-ACFD-4719-B12E-F7A8638F8612}.AppStore|x86.Build.0 = Release|Any CPU
		{F8E617CF-ACFD-4719-B12E-F7A8638F8612}.AppStore|x86.Deploy.0 = Release|Any CPU
		{F8E617CF-ACFD-4719-B12E-F7A8638F8612}.Debug|Any CPU.ActiveCfg = Debug|Any CPU
		{F8E617CF-ACFD-4719-B12E-F7A8638F8612}.Debug|Any CPU.Build.0 = Debug|Any CPU
		{F8E617CF-ACFD-4719-B12E-F7A8638F8612}.Debug|Any CPU.Deploy.0 = Debug|Any CPU
		{F8E617CF-ACFD-4719-B12E-F7A8638F8612}.Debug|ARM.ActiveCfg = Debug|Any CPU
		{F8E617CF-ACFD-4719-B12E-F7A8638F8612}.Debug|ARM.Build.0 = Debug|Any CPU
		{F8E617CF-ACFD-4719-B12E-F7A8638F8612}.Debug|ARM.Deploy.0 = Debug|Any CPU
		{F8E617CF-ACFD-4719-B12E-F7A8638F8612}.Debug|iPhone.ActiveCfg = Debug|Any CPU
		{F8E617CF-ACFD-4719-B12E-F7A8638F8612}.Debug|iPhone.Build.0 = Debug|Any CPU
		{F8E617CF-ACFD-4719-B12E-F7A8638F8612}.Debug|iPhone.Deploy.0 = Debug|Any CPU
		{F8E617CF-ACFD-4719-B12E-F7A8638F8612}.Debug|iPhoneSimulator.ActiveCfg = Debug|Any CPU
		{F8E617CF-ACFD-4719-B12E-F7A8638F8612}.Debug|iPhoneSimulator.Build.0 = Debug|Any CPU
		{F8E617CF-ACFD-4719-B12E-F7A8638F8612}.Debug|iPhoneSimulator.Deploy.0 = Debug|Any CPU
		{F8E617CF-ACFD-4719-B12E-F7A8638F8612}.Debug|x64.ActiveCfg = Debug|Any CPU
		{F8E617CF-ACFD-4719-B12E-F7A8638F8612}.Debug|x64.Build.0 = Debug|Any CPU
		{F8E617CF-ACFD-4719-B12E-F7A8638F8612}.Debug|x64.Deploy.0 = Debug|Any CPU
		{F8E617CF-ACFD-4719-B12E-F7A8638F8612}.Debug|x86.ActiveCfg = Debug|Any CPU
		{F8E617CF-ACFD-4719-B12E-F7A8638F8612}.Debug|x86.Build.0 = Debug|Any CPU
		{F8E617CF-ACFD-4719-B12E-F7A8638F8612}.Debug|x86.Deploy.0 = Debug|Any CPU
		{F8E617CF-ACFD-4719-B12E-F7A8638F8612}.Release|Any CPU.ActiveCfg = Release|Any CPU
		{F8E617CF-ACFD-4719-B12E-F7A8638F8612}.Release|Any CPU.Build.0 = Release|Any CPU
		{F8E617CF-ACFD-4719-B12E-F7A8638F8612}.Release|Any CPU.Deploy.0 = Release|Any CPU
		{F8E617CF-ACFD-4719-B12E-F7A8638F8612}.Release|ARM.ActiveCfg = Release|Any CPU
		{F8E617CF-ACFD-4719-B12E-F7A8638F8612}.Release|ARM.Build.0 = Release|Any CPU
		{F8E617CF-ACFD-4719-B12E-F7A8638F8612}.Release|ARM.Deploy.0 = Release|Any CPU
		{F8E617CF-ACFD-4719-B12E-F7A8638F8612}.Release|iPhone.ActiveCfg = Release|Any CPU
		{F8E617CF-ACFD-4719-B12E-F7A8638F8612}.Release|iPhone.Build.0 = Release|Any CPU
		{F8E617CF-ACFD-4719-B12E-F7A8638F8612}.Release|iPhone.Deploy.0 = Release|Any CPU
		{F8E617CF-ACFD-4719-B12E-F7A8638F8612}.Release|iPhoneSimulator.ActiveCfg = Release|Any CPU
		{F8E617CF-ACFD-4719-B12E-F7A8638F8612}.Release|iPhoneSimulator.Build.0 = Release|Any CPU
		{F8E617CF-ACFD-4719-B12E-F7A8638F8612}.Release|iPhoneSimulator.Deploy.0 = Release|Any CPU
		{F8E617CF-ACFD-4719-B12E-F7A8638F8612}.Release|x64.ActiveCfg = Release|Any CPU
		{F8E617CF-ACFD-4719-B12E-F7A8638F8612}.Release|x64.Build.0 = Release|Any CPU
		{F8E617CF-ACFD-4719-B12E-F7A8638F8612}.Release|x64.Deploy.0 = Release|Any CPU
		{F8E617CF-ACFD-4719-B12E-F7A8638F8612}.Release|x86.ActiveCfg = Release|Any CPU
		{F8E617CF-ACFD-4719-B12E-F7A8638F8612}.Release|x86.Build.0 = Release|Any CPU
		{F8E617CF-ACFD-4719-B12E-F7A8638F8612}.Release|x86.Deploy.0 = Release|Any CPU
		{871A87BF-D4EF-43A3-AF74-B94B7C4A1C64}.Ad-Hoc|Any CPU.ActiveCfg = Ad-Hoc|iPhone
		{871A87BF-D4EF-43A3-AF74-B94B7C4A1C64}.Ad-Hoc|Any CPU.Build.0 = Ad-Hoc|iPhone
		{871A87BF-D4EF-43A3-AF74-B94B7C4A1C64}.Ad-Hoc|Any CPU.Deploy.0 = Ad-Hoc|iPhone
		{871A87BF-D4EF-43A3-AF74-B94B7C4A1C64}.Ad-Hoc|ARM.ActiveCfg = Ad-Hoc|iPhone
		{871A87BF-D4EF-43A3-AF74-B94B7C4A1C64}.Ad-Hoc|ARM.Build.0 = Ad-Hoc|iPhone
		{871A87BF-D4EF-43A3-AF74-B94B7C4A1C64}.Ad-Hoc|ARM.Deploy.0 = Ad-Hoc|iPhone
		{871A87BF-D4EF-43A3-AF74-B94B7C4A1C64}.Ad-Hoc|iPhone.ActiveCfg = Ad-Hoc|iPhone
		{871A87BF-D4EF-43A3-AF74-B94B7C4A1C64}.Ad-Hoc|iPhone.Build.0 = Ad-Hoc|iPhone
		{871A87BF-D4EF-43A3-AF74-B94B7C4A1C64}.Ad-Hoc|iPhone.Deploy.0 = Ad-Hoc|iPhone
		{871A87BF-D4EF-43A3-AF74-B94B7C4A1C64}.Ad-Hoc|iPhoneSimulator.ActiveCfg = Ad-Hoc|iPhoneSimulator
		{871A87BF-D4EF-43A3-AF74-B94B7C4A1C64}.Ad-Hoc|iPhoneSimulator.Build.0 = Ad-Hoc|iPhoneSimulator
		{871A87BF-D4EF-43A3-AF74-B94B7C4A1C64}.Ad-Hoc|iPhoneSimulator.Deploy.0 = Ad-Hoc|iPhoneSimulator
		{871A87BF-D4EF-43A3-AF74-B94B7C4A1C64}.Ad-Hoc|x64.ActiveCfg = Ad-Hoc|iPhone
		{871A87BF-D4EF-43A3-AF74-B94B7C4A1C64}.Ad-Hoc|x64.Build.0 = Ad-Hoc|iPhone
		{871A87BF-D4EF-43A3-AF74-B94B7C4A1C64}.Ad-Hoc|x64.Deploy.0 = Ad-Hoc|iPhone
		{871A87BF-D4EF-43A3-AF74-B94B7C4A1C64}.Ad-Hoc|x86.ActiveCfg = Ad-Hoc|iPhone
		{871A87BF-D4EF-43A3-AF74-B94B7C4A1C64}.Ad-Hoc|x86.Build.0 = Ad-Hoc|iPhone
		{871A87BF-D4EF-43A3-AF74-B94B7C4A1C64}.Ad-Hoc|x86.Deploy.0 = Ad-Hoc|iPhone
		{871A87BF-D4EF-43A3-AF74-B94B7C4A1C64}.AppStore|Any CPU.ActiveCfg = AppStore|iPhone
		{871A87BF-D4EF-43A3-AF74-B94B7C4A1C64}.AppStore|Any CPU.Build.0 = AppStore|iPhone
		{871A87BF-D4EF-43A3-AF74-B94B7C4A1C64}.AppStore|Any CPU.Deploy.0 = AppStore|iPhone
		{871A87BF-D4EF-43A3-AF74-B94B7C4A1C64}.AppStore|ARM.ActiveCfg = AppStore|iPhone
		{871A87BF-D4EF-43A3-AF74-B94B7C4A1C64}.AppStore|ARM.Build.0 = AppStore|iPhone
		{871A87BF-D4EF-43A3-AF74-B94B7C4A1C64}.AppStore|ARM.Deploy.0 = AppStore|iPhone
		{871A87BF-D4EF-43A3-AF74-B94B7C4A1C64}.AppStore|iPhone.ActiveCfg = AppStore|iPhone
		{871A87BF-D4EF-43A3-AF74-B94B7C4A1C64}.AppStore|iPhone.Build.0 = AppStore|iPhone
		{871A87BF-D4EF-43A3-AF74-B94B7C4A1C64}.AppStore|iPhone.Deploy.0 = AppStore|iPhone
		{871A87BF-D4EF-43A3-AF74-B94B7C4A1C64}.AppStore|iPhoneSimulator.ActiveCfg = AppStore|iPhoneSimulator
		{871A87BF-D4EF-43A3-AF74-B94B7C4A1C64}.AppStore|iPhoneSimulator.Build.0 = AppStore|iPhoneSimulator
		{871A87BF-D4EF-43A3-AF74-B94B7C4A1C64}.AppStore|iPhoneSimulator.Deploy.0 = AppStore|iPhoneSimulator
		{871A87BF-D4EF-43A3-AF74-B94B7C4A1C64}.AppStore|x64.ActiveCfg = AppStore|iPhone
		{871A87BF-D4EF-43A3-AF74-B94B7C4A1C64}.AppStore|x64.Build.0 = AppStore|iPhone
		{871A87BF-D4EF-43A3-AF74-B94B7C4A1C64}.AppStore|x64.Deploy.0 = AppStore|iPhone
		{871A87BF-D4EF-43A3-AF74-B94B7C4A1C64}.AppStore|x86.ActiveCfg = AppStore|iPhone
		{871A87BF-D4EF-43A3-AF74-B94B7C4A1C64}.AppStore|x86.Build.0 = AppStore|iPhone
		{871A87BF-D4EF-43A3-AF74-B94B7C4A1C64}.AppStore|x86.Deploy.0 = AppStore|iPhone
		{871A87BF-D4EF-43A3-AF74-B94B7C4A1C64}.Debug|Any CPU.ActiveCfg = Debug|iPhoneSimulator
		{871A87BF-D4EF-43A3-AF74-B94B7C4A1C64}.Debug|Any CPU.Build.0 = Debug|iPhoneSimulator
		{871A87BF-D4EF-43A3-AF74-B94B7C4A1C64}.Debug|Any CPU.Deploy.0 = Debug|iPhoneSimulator
		{871A87BF-D4EF-43A3-AF74-B94B7C4A1C64}.Debug|ARM.ActiveCfg = Debug|iPhone
		{871A87BF-D4EF-43A3-AF74-B94B7C4A1C64}.Debug|ARM.Build.0 = Debug|iPhone
		{871A87BF-D4EF-43A3-AF74-B94B7C4A1C64}.Debug|ARM.Deploy.0 = Debug|iPhone
		{871A87BF-D4EF-43A3-AF74-B94B7C4A1C64}.Debug|iPhone.ActiveCfg = Debug|iPhone
		{871A87BF-D4EF-43A3-AF74-B94B7C4A1C64}.Debug|iPhone.Build.0 = Debug|iPhone
		{871A87BF-D4EF-43A3-AF74-B94B7C4A1C64}.Debug|iPhone.Deploy.0 = Debug|iPhone
		{871A87BF-D4EF-43A3-AF74-B94B7C4A1C64}.Debug|iPhoneSimulator.ActiveCfg = Debug|iPhoneSimulator
		{871A87BF-D4EF-43A3-AF74-B94B7C4A1C64}.Debug|iPhoneSimulator.Build.0 = Debug|iPhoneSimulator
		{871A87BF-D4EF-43A3-AF74-B94B7C4A1C64}.Debug|iPhoneSimulator.Deploy.0 = Debug|iPhoneSimulator
		{871A87BF-D4EF-43A3-AF74-B94B7C4A1C64}.Debug|x64.ActiveCfg = Debug|iPhone
		{871A87BF-D4EF-43A3-AF74-B94B7C4A1C64}.Debug|x64.Build.0 = Debug|iPhone
		{871A87BF-D4EF-43A3-AF74-B94B7C4A1C64}.Debug|x64.Deploy.0 = Debug|iPhone
		{871A87BF-D4EF-43A3-AF74-B94B7C4A1C64}.Debug|x86.ActiveCfg = Debug|iPhone
		{871A87BF-D4EF-43A3-AF74-B94B7C4A1C64}.Debug|x86.Build.0 = Debug|iPhone
		{871A87BF-D4EF-43A3-AF74-B94B7C4A1C64}.Debug|x86.Deploy.0 = Debug|iPhone
		{871A87BF-D4EF-43A3-AF74-B94B7C4A1C64}.Release|Any CPU.ActiveCfg = Release|iPhone
		{871A87BF-D4EF-43A3-AF74-B94B7C4A1C64}.Release|Any CPU.Build.0 = Release|iPhone
		{871A87BF-D4EF-43A3-AF74-B94B7C4A1C64}.Release|Any CPU.Deploy.0 = Release|iPhone
		{871A87BF-D4EF-43A3-AF74-B94B7C4A1C64}.Release|ARM.ActiveCfg = Release|iPhone
		{871A87BF-D4EF-43A3-AF74-B94B7C4A1C64}.Release|ARM.Build.0 = Release|iPhone
		{871A87BF-D4EF-43A3-AF74-B94B7C4A1C64}.Release|ARM.Deploy.0 = Release|iPhone
		{871A87BF-D4EF-43A3-AF74-B94B7C4A1C64}.Release|iPhone.ActiveCfg = Release|iPhone
		{871A87BF-D4EF-43A3-AF74-B94B7C4A1C64}.Release|iPhone.Build.0 = Release|iPhone
		{871A87BF-D4EF-43A3-AF74-B94B7C4A1C64}.Release|iPhone.Deploy.0 = Release|iPhone
		{871A87BF-D4EF-43A3-AF74-B94B7C4A1C64}.Release|iPhoneSimulator.ActiveCfg = Release|iPhoneSimulator
		{871A87BF-D4EF-43A3-AF74-B94B7C4A1C64}.Release|iPhoneSimulator.Build.0 = Release|iPhoneSimulator
		{871A87BF-D4EF-43A3-AF74-B94B7C4A1C64}.Release|iPhoneSimulator.Deploy.0 = Release|iPhoneSimulator
		{871A87BF-D4EF-43A3-AF74-B94B7C4A1C64}.Release|x64.ActiveCfg = Release|iPhone
		{871A87BF-D4EF-43A3-AF74-B94B7C4A1C64}.Release|x64.Build.0 = Release|iPhone
		{871A87BF-D4EF-43A3-AF74-B94B7C4A1C64}.Release|x64.Deploy.0 = Release|iPhone
		{871A87BF-D4EF-43A3-AF74-B94B7C4A1C64}.Release|x86.ActiveCfg = Release|iPhone
		{871A87BF-D4EF-43A3-AF74-B94B7C4A1C64}.Release|x86.Build.0 = Release|iPhone
		{871A87BF-D4EF-43A3-AF74-B94B7C4A1C64}.Release|x86.Deploy.0 = Release|iPhone
		{BE191464-93A2-4782-A81E-EBBC224842E3}.Ad-Hoc|Any CPU.ActiveCfg = Release|x86
		{BE191464-93A2-4782-A81E-EBBC224842E3}.Ad-Hoc|Any CPU.Build.0 = Release|x86
		{BE191464-93A2-4782-A81E-EBBC224842E3}.Ad-Hoc|Any CPU.Deploy.0 = Release|x86
		{BE191464-93A2-4782-A81E-EBBC224842E3}.Ad-Hoc|ARM.ActiveCfg = Release|ARM
		{BE191464-93A2-4782-A81E-EBBC224842E3}.Ad-Hoc|ARM.Build.0 = Release|ARM
		{BE191464-93A2-4782-A81E-EBBC224842E3}.Ad-Hoc|ARM.Deploy.0 = Release|ARM
		{BE191464-93A2-4782-A81E-EBBC224842E3}.Ad-Hoc|iPhone.ActiveCfg = Release|x86
		{BE191464-93A2-4782-A81E-EBBC224842E3}.Ad-Hoc|iPhone.Build.0 = Release|x86
		{BE191464-93A2-4782-A81E-EBBC224842E3}.Ad-Hoc|iPhone.Deploy.0 = Release|x86
		{BE191464-93A2-4782-A81E-EBBC224842E3}.Ad-Hoc|iPhoneSimulator.ActiveCfg = Release|x86
		{BE191464-93A2-4782-A81E-EBBC224842E3}.Ad-Hoc|iPhoneSimulator.Build.0 = Release|x86
		{BE191464-93A2-4782-A81E-EBBC224842E3}.Ad-Hoc|iPhoneSimulator.Deploy.0 = Release|x86
		{BE191464-93A2-4782-A81E-EBBC224842E3}.Ad-Hoc|x64.ActiveCfg = Release|x64
		{BE191464-93A2-4782-A81E-EBBC224842E3}.Ad-Hoc|x64.Build.0 = Release|x64
		{BE191464-93A2-4782-A81E-EBBC224842E3}.Ad-Hoc|x64.Deploy.0 = Release|x64
		{BE191464-93A2-4782-A81E-EBBC224842E3}.Ad-Hoc|x86.ActiveCfg = Release|x86
		{BE191464-93A2-4782-A81E-EBBC224842E3}.Ad-Hoc|x86.Build.0 = Release|x86
		{BE191464-93A2-4782-A81E-EBBC224842E3}.Ad-Hoc|x86.Deploy.0 = Release|x86
		{BE191464-93A2-4782-A81E-EBBC224842E3}.AppStore|Any CPU.ActiveCfg = Release|x86
		{BE191464-93A2-4782-A81E-EBBC224842E3}.AppStore|Any CPU.Build.0 = Release|x86
		{BE191464-93A2-4782-A81E-EBBC224842E3}.AppStore|Any CPU.Deploy.0 = Release|x86
		{BE191464-93A2-4782-A81E-EBBC224842E3}.AppStore|ARM.ActiveCfg = Release|ARM
		{BE191464-93A2-4782-A81E-EBBC224842E3}.AppStore|ARM.Build.0 = Release|ARM
		{BE191464-93A2-4782-A81E-EBBC224842E3}.AppStore|ARM.Deploy.0 = Release|ARM
		{BE191464-93A2-4782-A81E-EBBC224842E3}.AppStore|iPhone.ActiveCfg = Release|x86
		{BE191464-93A2-4782-A81E-EBBC224842E3}.AppStore|iPhone.Build.0 = Release|x86
		{BE191464-93A2-4782-A81E-EBBC224842E3}.AppStore|iPhone.Deploy.0 = Release|x86
		{BE191464-93A2-4782-A81E-EBBC224842E3}.AppStore|iPhoneSimulator.ActiveCfg = Release|x86
		{BE191464-93A2-4782-A81E-EBBC224842E3}.AppStore|iPhoneSimulator.Build.0 = Release|x86
		{BE191464-93A2-4782-A81E-EBBC224842E3}.AppStore|iPhoneSimulator.Deploy.0 = Release|x86
		{BE191464-93A2-4782-A81E-EBBC224842E3}.AppStore|x64.ActiveCfg = Release|x64
		{BE191464-93A2-4782-A81E-EBBC224842E3}.AppStore|x64.Build.0 = Release|x64
		{BE191464-93A2-4782-A81E-EBBC224842E3}.AppStore|x64.Deploy.0 = Release|x64
		{BE191464-93A2-4782-A81E-EBBC224842E3}.AppStore|x86.ActiveCfg = Release|x86
		{BE191464-93A2-4782-A81E-EBBC224842E3}.AppStore|x86.Build.0 = Release|x86
		{BE191464-93A2-4782-A81E-EBBC224842E3}.AppStore|x86.Deploy.0 = Release|x86
		{BE191464-93A2-4782-A81E-EBBC224842E3}.Debug|Any CPU.ActiveCfg = Debug|x86
		{BE191464-93A2-4782-A81E-EBBC224842E3}.Debug|Any CPU.Build.0 = Debug|x86
		{BE191464-93A2-4782-A81E-EBBC224842E3}.Debug|Any CPU.Deploy.0 = Debug|x86
		{BE191464-93A2-4782-A81E-EBBC224842E3}.Debug|ARM.ActiveCfg = Debug|ARM
		{BE191464-93A2-4782-A81E-EBBC224842E3}.Debug|ARM.Build.0 = Debug|ARM
		{BE191464-93A2-4782-A81E-EBBC224842E3}.Debug|ARM.Deploy.0 = Debug|ARM
		{BE191464-93A2-4782-A81E-EBBC224842E3}.Debug|iPhone.ActiveCfg = Debug|x86
		{BE191464-93A2-4782-A81E-EBBC224842E3}.Debug|iPhone.Build.0 = Debug|x86
		{BE191464-93A2-4782-A81E-EBBC224842E3}.Debug|iPhone.Deploy.0 = Debug|x86
		{BE191464-93A2-4782-A81E-EBBC224842E3}.Debug|iPhoneSimulator.ActiveCfg = Debug|x86
		{BE191464-93A2-4782-A81E-EBBC224842E3}.Debug|iPhoneSimulator.Build.0 = Debug|x86
		{BE191464-93A2-4782-A81E-EBBC224842E3}.Debug|iPhoneSimulator.Deploy.0 = Debug|x86
		{BE191464-93A2-4782-A81E-EBBC224842E3}.Debug|x64.ActiveCfg = Debug|x64
		{BE191464-93A2-4782-A81E-EBBC224842E3}.Debug|x64.Build.0 = Debug|x64
		{BE191464-93A2-4782-A81E-EBBC224842E3}.Debug|x64.Deploy.0 = Debug|x64
		{BE191464-93A2-4782-A81E-EBBC224842E3}.Debug|x86.ActiveCfg = Debug|x86
		{BE191464-93A2-4782-A81E-EBBC224842E3}.Debug|x86.Build.0 = Debug|x86
		{BE191464-93A2-4782-A81E-EBBC224842E3}.Debug|x86.Deploy.0 = Debug|x86
		{BE191464-93A2-4782-A81E-EBBC224842E3}.Release|Any CPU.ActiveCfg = Release|x86
		{BE191464-93A2-4782-A81E-EBBC224842E3}.Release|Any CPU.Build.0 = Release|x86
		{BE191464-93A2-4782-A81E-EBBC224842E3}.Release|Any CPU.Deploy.0 = Release|x86
		{BE191464-93A2-4782-A81E-EBBC224842E3}.Release|ARM.ActiveCfg = Release|ARM
		{BE191464-93A2-4782-A81E-EBBC224842E3}.Release|ARM.Build.0 = Release|ARM
		{BE191464-93A2-4782-A81E-EBBC224842E3}.Release|ARM.Deploy.0 = Release|ARM
		{BE191464-93A2-4782-A81E-EBBC224842E3}.Release|iPhone.ActiveCfg = Release|x86
		{BE191464-93A2-4782-A81E-EBBC224842E3}.Release|iPhone.Build.0 = Release|x86
		{BE191464-93A2-4782-A81E-EBBC224842E3}.Release|iPhone.Deploy.0 = Release|x86
		{BE191464-93A2-4782-A81E-EBBC224842E3}.Release|iPhoneSimulator.ActiveCfg = Release|x86
		{BE191464-93A2-4782-A81E-EBBC224842E3}.Release|iPhoneSimulator.Build.0 = Release|x86
		{BE191464-93A2-4782-A81E-EBBC224842E3}.Release|iPhoneSimulator.Deploy.0 = Release|x86
		{BE191464-93A2-4782-A81E-EBBC224842E3}.Release|x64.ActiveCfg = Release|x64
		{BE191464-93A2-4782-A81E-EBBC224842E3}.Release|x64.Build.0 = Release|x64
		{BE191464-93A2-4782-A81E-EBBC224842E3}.Release|x64.Deploy.0 = Release|x64
		{BE191464-93A2-4782-A81E-EBBC224842E3}.Release|x86.ActiveCfg = Release|x86
		{BE191464-93A2-4782-A81E-EBBC224842E3}.Release|x86.Build.0 = Release|x86
		{BE191464-93A2-4782-A81E-EBBC224842E3}.Release|x86.Deploy.0 = Release|x86
		{816BDB57-CAB9-4804-B991-96B7632A529D}.Ad-Hoc|Any CPU.ActiveCfg = Debug|Any CPU
		{816BDB57-CAB9-4804-B991-96B7632A529D}.Ad-Hoc|Any CPU.Build.0 = Debug|Any CPU
		{816BDB57-CAB9-4804-B991-96B7632A529D}.Ad-Hoc|Any CPU.Deploy.0 = Debug|Any CPU
		{816BDB57-CAB9-4804-B991-96B7632A529D}.Ad-Hoc|ARM.ActiveCfg = Debug|Any CPU
		{816BDB57-CAB9-4804-B991-96B7632A529D}.Ad-Hoc|ARM.Build.0 = Debug|Any CPU
		{816BDB57-CAB9-4804-B991-96B7632A529D}.Ad-Hoc|ARM.Deploy.0 = Debug|Any CPU
		{816BDB57-CAB9-4804-B991-96B7632A529D}.Ad-Hoc|iPhone.ActiveCfg = Debug|Any CPU
		{816BDB57-CAB9-4804-B991-96B7632A529D}.Ad-Hoc|iPhone.Build.0 = Debug|Any CPU
		{816BDB57-CAB9-4804-B991-96B7632A529D}.Ad-Hoc|iPhone.Deploy.0 = Debug|Any CPU
		{816BDB57-CAB9-4804-B991-96B7632A529D}.Ad-Hoc|iPhoneSimulator.ActiveCfg = Debug|Any CPU
		{816BDB57-CAB9-4804-B991-96B7632A529D}.Ad-Hoc|iPhoneSimulator.Build.0 = Debug|Any CPU
		{816BDB57-CAB9-4804-B991-96B7632A529D}.Ad-Hoc|iPhoneSimulator.Deploy.0 = Debug|Any CPU
		{816BDB57-CAB9-4804-B991-96B7632A529D}.Ad-Hoc|x64.ActiveCfg = Debug|Any CPU
		{816BDB57-CAB9-4804-B991-96B7632A529D}.Ad-Hoc|x64.Build.0 = Debug|Any CPU
		{816BDB57-CAB9-4804-B991-96B7632A529D}.Ad-Hoc|x64.Deploy.0 = Debug|Any CPU
		{816BDB57-CAB9-4804-B991-96B7632A529D}.Ad-Hoc|x86.ActiveCfg = Debug|Any CPU
		{816BDB57-CAB9-4804-B991-96B7632A529D}.Ad-Hoc|x86.Build.0 = Debug|Any CPU
		{816BDB57-CAB9-4804-B991-96B7632A529D}.Ad-Hoc|x86.Deploy.0 = Debug|Any CPU
		{816BDB57-CAB9-4804-B991-96B7632A529D}.AppStore|Any CPU.ActiveCfg = Debug|Any CPU
		{816BDB57-CAB9-4804-B991-96B7632A529D}.AppStore|Any CPU.Build.0 = Debug|Any CPU
		{816BDB57-CAB9-4804-B991-96B7632A529D}.AppStore|Any CPU.Deploy.0 = Debug|Any CPU
		{816BDB57-CAB9-4804-B991-96B7632A529D}.AppStore|ARM.ActiveCfg = Debug|Any CPU
		{816BDB57-CAB9-4804-B991-96B7632A529D}.AppStore|ARM.Build.0 = Debug|Any CPU
		{816BDB57-CAB9-4804-B991-96B7632A529D}.AppStore|ARM.Deploy.0 = Debug|Any CPU
		{816BDB57-CAB9-4804-B991-96B7632A529D}.AppStore|iPhone.ActiveCfg = Debug|Any CPU
		{816BDB57-CAB9-4804-B991-96B7632A529D}.AppStore|iPhone.Build.0 = Debug|Any CPU
		{816BDB57-CAB9-4804-B991-96B7632A529D}.AppStore|iPhone.Deploy.0 = Debug|Any CPU
		{816BDB57-CAB9-4804-B991-96B7632A529D}.AppStore|iPhoneSimulator.ActiveCfg = Debug|Any CPU
		{816BDB57-CAB9-4804-B991-96B7632A529D}.AppStore|iPhoneSimulator.Build.0 = Debug|Any CPU
		{816BDB57-CAB9-4804-B991-96B7632A529D}.AppStore|iPhoneSimulator.Deploy.0 = Debug|Any CPU
		{816BDB57-CAB9-4804-B991-96B7632A529D}.AppStore|x64.ActiveCfg = Debug|Any CPU
		{816BDB57-CAB9-4804-B991-96B7632A529D}.AppStore|x64.Build.0 = Debug|Any CPU
		{816BDB57-CAB9-4804-B991-96B7632A529D}.AppStore|x64.Deploy.0 = Debug|Any CPU
		{816BDB57-CAB9-4804-B991-96B7632A529D}.AppStore|x86.ActiveCfg = Debug|Any CPU
		{816BDB57-CAB9-4804-B991-96B7632A529D}.AppStore|x86.Build.0 = Debug|Any CPU
		{816BDB57-CAB9-4804-B991-96B7632A529D}.AppStore|x86.Deploy.0 = Debug|Any CPU
		{816BDB57-CAB9-4804-B991-96B7632A529D}.Debug|Any CPU.ActiveCfg = Debug|Any CPU
		{816BDB57-CAB9-4804-B991-96B7632A529D}.Debug|Any CPU.Build.0 = Debug|Any CPU
		{816BDB57-CAB9-4804-B991-96B7632A529D}.Debug|Any CPU.Deploy.0 = Debug|Any CPU
		{816BDB57-CAB9-4804-B991-96B7632A529D}.Debug|ARM.ActiveCfg = Debug|Any CPU
		{816BDB57-CAB9-4804-B991-96B7632A529D}.Debug|ARM.Build.0 = Debug|Any CPU
		{816BDB57-CAB9-4804-B991-96B7632A529D}.Debug|ARM.Deploy.0 = Debug|Any CPU
		{816BDB57-CAB9-4804-B991-96B7632A529D}.Debug|iPhone.ActiveCfg = Debug|Any CPU
		{816BDB57-CAB9-4804-B991-96B7632A529D}.Debug|iPhone.Build.0 = Debug|Any CPU
		{816BDB57-CAB9-4804-B991-96B7632A529D}.Debug|iPhone.Deploy.0 = Debug|Any CPU
		{816BDB57-CAB9-4804-B991-96B7632A529D}.Debug|iPhoneSimulator.ActiveCfg = Debug|Any CPU
		{816BDB57-CAB9-4804-B991-96B7632A529D}.Debug|iPhoneSimulator.Build.0 = Debug|Any CPU
		{816BDB57-CAB9-4804-B991-96B7632A529D}.Debug|iPhoneSimulator.Deploy.0 = Debug|Any CPU
		{816BDB57-CAB9-4804-B991-96B7632A529D}.Debug|x64.ActiveCfg = Debug|Any CPU
		{816BDB57-CAB9-4804-B991-96B7632A529D}.Debug|x64.Build.0 = Debug|Any CPU
		{816BDB57-CAB9-4804-B991-96B7632A529D}.Debug|x64.Deploy.0 = Debug|Any CPU
		{816BDB57-CAB9-4804-B991-96B7632A529D}.Debug|x86.ActiveCfg = Debug|Any CPU
		{816BDB57-CAB9-4804-B991-96B7632A529D}.Debug|x86.Build.0 = Debug|Any CPU
		{816BDB57-CAB9-4804-B991-96B7632A529D}.Debug|x86.Deploy.0 = Debug|Any CPU
		{816BDB57-CAB9-4804-B991-96B7632A529D}.Release|Any CPU.ActiveCfg = Release|Any CPU
		{816BDB57-CAB9-4804-B991-96B7632A529D}.Release|Any CPU.Build.0 = Release|Any CPU
		{816BDB57-CAB9-4804-B991-96B7632A529D}.Release|Any CPU.Deploy.0 = Release|Any CPU
		{816BDB57-CAB9-4804-B991-96B7632A529D}.Release|ARM.ActiveCfg = Release|Any CPU
		{816BDB57-CAB9-4804-B991-96B7632A529D}.Release|ARM.Build.0 = Release|Any CPU
		{816BDB57-CAB9-4804-B991-96B7632A529D}.Release|ARM.Deploy.0 = Release|Any CPU
		{816BDB57-CAB9-4804-B991-96B7632A529D}.Release|iPhone.ActiveCfg = Release|Any CPU
		{816BDB57-CAB9-4804-B991-96B7632A529D}.Release|iPhone.Build.0 = Release|Any CPU
		{816BDB57-CAB9-4804-B991-96B7632A529D}.Release|iPhone.Deploy.0 = Release|Any CPU
		{816BDB57-CAB9-4804-B991-96B7632A529D}.Release|iPhoneSimulator.ActiveCfg = Release|Any CPU
		{816BDB57-CAB9-4804-B991-96B7632A529D}.Release|iPhoneSimulator.Build.0 = Release|Any CPU
		{816BDB57-CAB9-4804-B991-96B7632A529D}.Release|iPhoneSimulator.Deploy.0 = Release|Any CPU
		{816BDB57-CAB9-4804-B991-96B7632A529D}.Release|x64.ActiveCfg = Release|Any CPU
		{816BDB57-CAB9-4804-B991-96B7632A529D}.Release|x64.Build.0 = Release|Any CPU
		{816BDB57-CAB9-4804-B991-96B7632A529D}.Release|x64.Deploy.0 = Release|Any CPU
		{816BDB57-CAB9-4804-B991-96B7632A529D}.Release|x86.ActiveCfg = Release|Any CPU
		{816BDB57-CAB9-4804-B991-96B7632A529D}.Release|x86.Build.0 = Release|Any CPU
		{816BDB57-CAB9-4804-B991-96B7632A529D}.Release|x86.Deploy.0 = Release|Any CPU
	EndGlobalSection
	GlobalSection(SolutionProperties) = preSolution
		HideSolutionNode = FALSE
	EndGlobalSection
	GlobalSection(ExtensibilityGlobals) = postSolution
		SolutionGuid = {07DA6577-ED8D-4506-9C7F-C76D820CB614}
	EndGlobalSection
EndGlobal
